{
  "name": "kevlar",
  "version": "3.2.5",
  "lockfileVersion": 3,
  "requires": true,
  "packages": {
    "": {
      "name": "kevlar",
      "version": "3.2.5",
      "workspaces": [
        "packages/kevlar-core",
        "packages/kevlar-core-test"
      ],
      "devDependencies": {}
    },
    "node_modules/kevlar-core": {
      "resolved": "packages/kevlar-core",
      "link": true
    },
    "node_modules/kevlar-core-test": {
      "resolved": "packages/kevlar-core-test",
      "link": true
    },
    "packages_imported/kollections-primitive/3.1.14": {
      "name": "kollections-primitive",
      "version": "3.1.14",
      "extraneous": true,
      "devDependencies": {}
    },
    "packages/kevlar-core": {
      "version": "3.2.5",
      "devDependencies": {}
    },
    "packages/kevlar-core-test": {
      "version": "3.2.5",
      "devDependencies": {}
    }
  }
}
